
Microsoft Visual Studio Solution File, Format Version 12.00
# Visual Studio 15
VisualStudioVersion = 15.0.26730.10
MinimumVisualStudioVersion = 10.0.40219.1
Project("{FAE04EC0-301F-11D3-BF4B-00C04F79EFBC}") = "Dictionary", "Dictionary\Dictionary.csproj", "{1EB0122C-37B2-4F1E-9DC2-2F1AED61BCB0}"
EndProject
Global
	GlobalSection(SolutionConfigurationPlatforms) = preSolution
		Debug|Any CPU = Debug|Any CPU
		Release|Any CPU = Release|Any CPU
	EndGlobalSection
	GlobalSection(ProjectConfigurationPlatforms) = postSolution
		{1EB0122C-37B2-4F1E-9DC2-2F1AED61BCB0}.Debug|Any CPU.ActiveCfg = Debug|Any CPU
		{1EB0122C-37B2-4F1E-9DC2-2F1AED61BCB0}.Debug|Any CPU.Build.0 = Debug|Any CPU
		{1EB0122C-37B2-4F1E-9DC2-2F1AED61BCB0}.Release|Any CPU.ActiveCfg = Release|Any CPU
		{1EB0122C-37B2-4F1E-9DC2-2F1AED61BCB0}.Release|Any CPU.Build.0 = Release|Any CPU
	EndGlobalSection
	GlobalSection(SolutionProperties) = preSolution
		HideSolutionNode = FALSE
	EndGlobalSection
	GlobalSection(ExtensibilityGlobals) = postSolution
		SolutionGuid = {5F9A8EB4-15C6-4500-A2C7-DFCDE04FC658}
	EndGlobalSection
EndGlobal
